# This file is automatically @generated by Cargo.
# It is not intended for manual editing.
version = 4

[[package]]
name = "mathengine"
version = "0.1.0"
dependencies = [
 "mathengine-evaluator",
 "mathengine-lexer",
 "mathengine-parser",
 "mathengine-units",
]

[[package]]
name = "mathengine-cli"
version = "0.1.0"
dependencies = [
 "mathengine",
]

[[package]]
name = "mathengine-evaluator"
version = "0.1.0"
dependencies = [
 "mathengine-lexer",
 "mathengine-parser",
 "mathengine-units",
]

[[package]]
name = "mathengine-lexer"
version = "0.1.0"

[[package]]
name = "mathengine-parser"
version = "0.1.0"
dependencies = [
 "mathengine-lexer",
 "mathengine-units",
]

[[package]]
name = "mathengine-units"
version = "0.1.0"
